
Microsoft Visual Studio Solution File, Format Version 12.00
# Visual Studio Version 17
VisualStudioVersion = 17.8.34601.278
MinimumVisualStudioVersion = 10.0.40219.1
Project("{2150E333-8FDC-42A3-9474-1A3956D46DE8}") = "src", "src", "{5FCB420C-82CE-46BE-8F90-5BD570A1BCC6}"
EndProject
Project("{2150E333-8FDC-42A3-9474-1A3956D46DE8}") = "test", "test", "{7A9D07DE-FAF6-40D9-8C92-63FF96FEE01D}"
EndProject
Project("{2150E333-8FDC-42A3-9474-1A3956D46DE8}") = "samples", "samples", "{B9D87445-0506-4084-8C7D-111662C3B77D}"
EndProject
Project("{9A19103F-16F7-4668-BE54-9A1E7A4F7556}") = "TransactionMiddlewareSample", "TransactionMiddlewareSample\TransactionMiddlewareSample.csproj", "{88AAA70F-8DDC-4541-8AE2-0A8293FDB17E}"
EndProject
Project("{9A19103F-16F7-4668-BE54-9A1E7A4F7556}") = "TransactionMiddleware.Core", "src\TransactionMiddleware.Core\TransactionMiddleware.Core.csproj", "{4A06F98B-641A-4DBF-B273-8B96E02A54BB}"
EndProject
Project("{9A19103F-16F7-4668-BE54-9A1E7A4F7556}") = "TransactionMiddleware.Ado", "src\TransactionMiddleware.Ado\TransactionMiddleware.Ado.csproj", "{69C312D8-D066-4AFE-ADC7-604AE04C344A}"
EndProject
Project("{9A19103F-16F7-4668-BE54-9A1E7A4F7556}") = "TransactionMiddleware.Ado.Abstraction", "src\TransactionMiddleware.Ado.Abstraction\TransactionMiddleware.Ado.Abstraction.csproj", "{F7BDAB5D-31CA-4AAF-A788-464D36564945}"
EndProject
Project("{FAE04EC0-301F-11D3-BF4B-00C04F79EFBC}") = "TransactionMiddleware.EntityFramework", "src\TransactionMiddleware.EntityFramework\TransactionMiddleware.EntityFramework.csproj", "{3CB4679F-DCC3-481A-915D-0F412E895603}"
EndProject
Project("{FAE04EC0-301F-11D3-BF4B-00C04F79EFBC}") = "TransactionMiddleware.Tests", "test\TransactionMiddleware.Tests\TransactionMiddleware.Tests.csproj", "{206E49CE-3C48-4E71-BD11-A0FBE6A12472}"
EndProject
Project("{FAE04EC0-301F-11D3-BF4B-00C04F79EFBC}") = "SampleWebApplication", "samples\SampleWebApplication\SampleWebApplication.csproj", "{54D23223-CADF-4063-B387-2D8492CA2DB8}"
EndProject
Global
	GlobalSection(SolutionConfigurationPlatforms) = preSolution
		Debug|Any CPU = Debug|Any CPU
		Release|Any CPU = Release|Any CPU
	EndGlobalSection
	GlobalSection(ProjectConfigurationPlatforms) = postSolution
		{88AAA70F-8DDC-4541-8AE2-0A8293FDB17E}.Debug|Any CPU.ActiveCfg = Debug|Any CPU
		{88AAA70F-8DDC-4541-8AE2-0A8293FDB17E}.Debug|Any CPU.Build.0 = Debug|Any CPU
		{88AAA70F-8DDC-4541-8AE2-0A8293FDB17E}.Release|Any CPU.ActiveCfg = Release|Any CPU
		{88AAA70F-8DDC-4541-8AE2-0A8293FDB17E}.Release|Any CPU.Build.0 = Release|Any CPU
		{4A06F98B-641A-4DBF-B273-8B96E02A54BB}.Debug|Any CPU.ActiveCfg = Debug|Any CPU
		{4A06F98B-641A-4DBF-B273-8B96E02A54BB}.Debug|Any CPU.Build.0 = Debug|Any CPU
		{4A06F98B-641A-4DBF-B273-8B96E02A54BB}.Release|Any CPU.ActiveCfg = Release|Any CPU
		{4A06F98B-641A-4DBF-B273-8B96E02A54BB}.Release|Any CPU.Build.0 = Release|Any CPU
		{69C312D8-D066-4AFE-ADC7-604AE04C344A}.Debug|Any CPU.ActiveCfg = Debug|Any CPU
		{69C312D8-D066-4AFE-ADC7-604AE04C344A}.Debug|Any CPU.Build.0 = Debug|Any CPU
		{69C312D8-D066-4AFE-ADC7-604AE04C344A}.Release|Any CPU.ActiveCfg = Release|Any CPU
		{69C312D8-D066-4AFE-ADC7-604AE04C344A}.Release|Any CPU.Build.0 = Release|Any CPU
		{F7BDAB5D-31CA-4AAF-A788-464D36564945}.Debug|Any CPU.ActiveCfg = Debug|Any CPU
		{F7BDAB5D-31CA-4AAF-A788-464D36564945}.Debug|Any CPU.Build.0 = Debug|Any CPU
		{F7BDAB5D-31CA-4AAF-A788-464D36564945}.Release|Any CPU.ActiveCfg = Release|Any CPU
		{F7BDAB5D-31CA-4AAF-A788-464D36564945}.Release|Any CPU.Build.0 = Release|Any CPU
		{3CB4679F-DCC3-481A-915D-0F412E895603}.Debug|Any CPU.ActiveCfg = Debug|Any CPU
		{3CB4679F-DCC3-481A-915D-0F412E895603}.Debug|Any CPU.Build.0 = Debug|Any CPU
		{3CB4679F-DCC3-481A-915D-0F412E895603}.Release|Any CPU.ActiveCfg = Release|Any CPU
		{3CB4679F-DCC3-481A-915D-0F412E895603}.Release|Any CPU.Build.0 = Release|Any CPU
		{206E49CE-3C48-4E71-BD11-A0FBE6A12472}.Debug|Any CPU.ActiveCfg = Debug|Any CPU
		{206E49CE-3C48-4E71-BD11-A0FBE6A12472}.Debug|Any CPU.Build.0 = Debug|Any CPU
		{206E49CE-3C48-4E71-BD11-A0FBE6A12472}.Release|Any CPU.ActiveCfg = Release|Any CPU
		{206E49CE-3C48-4E71-BD11-A0FBE6A12472}.Release|Any CPU.Build.0 = Release|Any CPU
		{54D23223-CADF-4063-B387-2D8492CA2DB8}.Debug|Any CPU.ActiveCfg = Debug|Any CPU
		{54D23223-CADF-4063-B387-2D8492CA2DB8}.Debug|Any CPU.Build.0 = Debug|Any CPU
		{54D23223-CADF-4063-B387-2D8492CA2DB8}.Release|Any CPU.ActiveCfg = Release|Any CPU
		{54D23223-CADF-4063-B387-2D8492CA2DB8}.Release|Any CPU.Build.0 = Release|Any CPU
	EndGlobalSection
	GlobalSection(SolutionProperties) = preSolution
		HideSolutionNode = FALSE
	EndGlobalSection
	GlobalSection(NestedProjects) = preSolution
		{88AAA70F-8DDC-4541-8AE2-0A8293FDB17E} = {B9D87445-0506-4084-8C7D-111662C3B77D}
		{4A06F98B-641A-4DBF-B273-8B96E02A54BB} = {5FCB420C-82CE-46BE-8F90-5BD570A1BCC6}
		{69C312D8-D066-4AFE-ADC7-604AE04C344A} = {5FCB420C-82CE-46BE-8F90-5BD570A1BCC6}
		{F7BDAB5D-31CA-4AAF-A788-464D36564945} = {5FCB420C-82CE-46BE-8F90-5BD570A1BCC6}
		{3CB4679F-DCC3-481A-915D-0F412E895603} = {5FCB420C-82CE-46BE-8F90-5BD570A1BCC6}
		{206E49CE-3C48-4E71-BD11-A0FBE6A12472} = {7A9D07DE-FAF6-40D9-8C92-63FF96FEE01D}
		{54D23223-CADF-4063-B387-2D8492CA2DB8} = {B9D87445-0506-4084-8C7D-111662C3B77D}
	EndGlobalSection
	GlobalSection(ExtensibilityGlobals) = postSolution
		SolutionGuid = {0F894961-BB6F-4172-83AD-C6037FCE1922}
	EndGlobalSection
EndGlobal
